{
  "nodes": {
    "darwin": {
      "inputs": {
        "nixpkgs": [
          "nixpkgs"
        ]
      },
      "locked": {
        "lastModified": 1660649317,
        "narHash": "sha256-16sWaj3cTZOQQgrmzlvBSRaBFKLrHJrfYh1k7/sSWok=",
        "owner": "lnl7",
        "repo": "nix-darwin",
        "rev": "80871c71edb3da76d40bdff9cae007a2a035c074",
        "type": "github"
      },
      "original": {
        "owner": "lnl7",
        "ref": "master",
        "repo": "nix-darwin",
        "type": "github"
      }
    },
    "flake-utils": {
      "locked": {
        "lastModified": 1629481132,
        "narHash": "sha256-JHgasjPR0/J1J3DRm4KxM4zTyAj4IOJY8vIl75v/kPI=",
        "owner": "numtide",
        "repo": "flake-utils",
        "rev": "997f7efcb746a9c140ce1f13c72263189225f482",
        "type": "github"
      },
      "original": {
        "owner": "numtide",
        "repo": "flake-utils",
        "type": "github"
      }
    },
    "home-manager": {
      "inputs": {
        "nixpkgs": [
          "nixpkgs"
        ],
        "utils": "utils"
      },
      "locked": {
        "lastModified": 1660574517,
        "narHash": "sha256-Lp5D2pAPrM3iAc1eeR0iGwz5rM+SYOWzVxI3p17nlrU=",
        "owner": "nix-community",
        "repo": "home-manager",
        "rev": "688e5c85b7537f308b82167c8eb4ecfb70a49861",
        "type": "github"
      },
      "original": {
        "owner": "nix-community",
        "repo": "home-manager",
        "type": "github"
      }
    },
    "nixpkgs": {
      "locked": {
        "lastModified": 1661008273,
        "narHash": "sha256-UpDqsGzUswIHG7FwzeIewjWlElF17UVLNbI2pwlbcBY=",
        "owner": "NixOS",
        "repo": "nixpkgs",
        "rev": "0cc6444e74cd21e8da8d81ef4cd778492e10f843",
        "type": "github"
      },
      "original": {
        "owner": "NixOS",
        "ref": "nixpkgs-unstable",
        "repo": "nixpkgs",
        "type": "github"
      }
    },
    "root": {
      "inputs": {
        "darwin": "darwin",
        "home-manager": "home-manager",
        "nixpkgs": "nixpkgs",
        "vscodeInsiders": "vscodeInsiders"
      }
    },
    "unstable": {
      "locked": {
        "lastModified": 1630140382,
        "narHash": "sha256-ntXepAHFlAEtaYIU5EzckRUODeeMgpu1u2Yug+4LFNc=",
        "owner": "NixOS",
        "repo": "nixpkgs",
        "rev": "08ef0f28e3a41424b92ba1d203de64257a9fca6a",
        "type": "github"
      },
      "original": {
        "owner": "NixOS",
        "ref": "nixpkgs-unstable",
        "repo": "nixpkgs",
        "type": "github"
      }
    },
    "utils": {
      "locked": {
        "lastModified": 1653893745,
        "narHash": "sha256-0jntwV3Z8//YwuOjzhV2sgJJPt+HY6KhU7VZUL0fKZQ=",
        "owner": "numtide",
        "repo": "flake-utils",
        "rev": "1ed9fb1935d260de5fe1c2f7ee0ebaae17ed2fa1",
        "type": "github"
      },
      "original": {
        "owner": "numtide",
        "repo": "flake-utils",
        "type": "github"
      }
    },
    "vscodeInsiders": {
      "inputs": {
        "flake-utils": "flake-utils",
        "unstable": "unstable"
      },
      "locked": {
        "lastModified": 1660896385,
        "narHash": "sha256-DGOOnfI9zggc4WuEzxV7EBqLGyOvvlhoIbgnKUN8mDo=",
        "owner": "cideM",
        "repo": "visual-studio-code-insiders-nix",
        "rev": "416712a01845d82e4f2b3af35fc1a6f6798c28e2",
        "type": "github"
      },
      "original": {
        "owner": "cideM",
        "repo": "visual-studio-code-insiders-nix",
        "type": "github"
      }
    }
  },
  "root": "root",
  "version": 7
}
